
Microsoft Visual Studio Solution File, Format Version 12.00
# Visual Studio Version 16
VisualStudioVersion = 16.0.33423.256
MinimumVisualStudioVersion = 10.0.40219.1
Project("{FAE04EC0-301F-11D3-BF4B-00C04F79EFBC}") = "questão1", "questão1\questão1.csproj", "{2B6BF224-54E5-4C34-B516-306C84AC3C43}"
EndProject
Global
	GlobalSection(SolutionConfigurationPlatforms) = preSolution
		Debug|Any CPU = Debug|Any CPU
		Release|Any CPU = Release|Any CPU
	EndGlobalSection
	GlobalSection(ProjectConfigurationPlatforms) = postSolution
		{2B6BF224-54E5-4C34-B516-306C84AC3C43}.Debug|Any CPU.ActiveCfg = Debug|Any CPU
		{2B6BF224-54E5-4C34-B516-306C84AC3C43}.Debug|Any CPU.Build.0 = Debug|Any CPU
		{2B6BF224-54E5-4C34-B516-306C84AC3C43}.Release|Any CPU.ActiveCfg = Release|Any CPU
		{2B6BF224-54E5-4C34-B516-306C84AC3C43}.Release|Any CPU.Build.0 = Release|Any CPU
	EndGlobalSection
	GlobalSection(SolutionProperties) = preSolution
		HideSolutionNode = FALSE
	EndGlobalSection
	GlobalSection(ExtensibilityGlobals) = postSolution
		SolutionGuid = {87847D14-79C8-4659-9C79-3E0A47918C0F}
	EndGlobalSection
EndGlobal
